
Microsoft Visual Studio Solution File, Format Version 12.00
# Visual Studio 14
VisualStudioVersion = 14.0.25420.1
MinimumVisualStudioVersion = 10.0.40219.1
Project("{FAE04EC0-301F-11D3-BF4B-00C04F79EFBC}") = "VAssists.WebApi", "VAssistsProject\VAssists.WebApi.csproj", "{54398562-AD68-4471-9C1D-316E2BB42CF8}"
EndProject
Project("{FAE04EC0-301F-11D3-BF4B-00C04F79EFBC}") = "VAssists.Infra", "VAssistsInfra\VAssists.Infra.csproj", "{A9A5B9F8-03BC-423A-9909-C1C1B7249DF9}"
EndProject
Project("{2150E333-8FDC-42A3-9474-1A3956D46DE8}") = "WebApi", "WebApi", "{3BBD65DB-9C6F-48F8-AB9E-6322ACB4A559}"
EndProject
Project("{FAE04EC0-301F-11D3-BF4B-00C04F79EFBC}") = "VAssists.AppService", "VAssists.AppService\VAssists.AppService.csproj", "{4FE90ABF-0100-4CBC-A5CB-B032B3CE6301}"
EndProject
Global
	GlobalSection(SolutionConfigurationPlatforms) = preSolution
		Debug|Any CPU = Debug|Any CPU
		Release|Any CPU = Release|Any CPU
	EndGlobalSection
	GlobalSection(ProjectConfigurationPlatforms) = postSolution
		{54398562-AD68-4471-9C1D-316E2BB42CF8}.Debug|Any CPU.ActiveCfg = Debug|Any CPU
		{54398562-AD68-4471-9C1D-316E2BB42CF8}.Debug|Any CPU.Build.0 = Debug|Any CPU
		{54398562-AD68-4471-9C1D-316E2BB42CF8}.Release|Any CPU.ActiveCfg = Release|Any CPU
		{54398562-AD68-4471-9C1D-316E2BB42CF8}.Release|Any CPU.Build.0 = Release|Any CPU
		{A9A5B9F8-03BC-423A-9909-C1C1B7249DF9}.Debug|Any CPU.ActiveCfg = Debug|Any CPU
		{A9A5B9F8-03BC-423A-9909-C1C1B7249DF9}.Debug|Any CPU.Build.0 = Debug|Any CPU
		{A9A5B9F8-03BC-423A-9909-C1C1B7249DF9}.Release|Any CPU.ActiveCfg = Release|Any CPU
		{A9A5B9F8-03BC-423A-9909-C1C1B7249DF9}.Release|Any CPU.Build.0 = Release|Any CPU
		{4FE90ABF-0100-4CBC-A5CB-B032B3CE6301}.Debug|Any CPU.ActiveCfg = Debug|Any CPU
		{4FE90ABF-0100-4CBC-A5CB-B032B3CE6301}.Debug|Any CPU.Build.0 = Debug|Any CPU
		{4FE90ABF-0100-4CBC-A5CB-B032B3CE6301}.Release|Any CPU.ActiveCfg = Release|Any CPU
		{4FE90ABF-0100-4CBC-A5CB-B032B3CE6301}.Release|Any CPU.Build.0 = Release|Any CPU
	EndGlobalSection
	GlobalSection(SolutionProperties) = preSolution
		HideSolutionNode = FALSE
	EndGlobalSection
	GlobalSection(NestedProjects) = preSolution
		{54398562-AD68-4471-9C1D-316E2BB42CF8} = {3BBD65DB-9C6F-48F8-AB9E-6322ACB4A559}
	EndGlobalSection
EndGlobal
